<?xml version="1.0" encoding="utf-8"?>
<Project ToolsVersion="4.0" xmlns="http://schemas.microsoft.com/developer/msbuild/2003">
  <ItemGroup>
    <Filter Include="Header Files">
      <UniqueIdentifier>{d44b33f1-52c1-4de9-bac1-34baffedf521}</UniqueIdentifier>
    </Filter>
    <Filter Include="Source Files">
      <UniqueIdentifier>{93fc43ab-f459-4689-8ffa-366ae926d4c4}</UniqueIdentifier>
    </Filter>
  </ItemGroup>
  <ItemGroup>
    <ClInclude Include="..\Include\ualgorithms.h">
      <Filter>Header Files</Filter>
    </ClInclude>
    <ClInclude Include="..\Include\uarraydoublelist.h">
      <Filter>Header Files</Filter>
    </ClInclude>
    <ClInclude Include="..\Include\ubinaryio.h">
      <Filter>Header Files</Filter>
    </ClInclude>
    <ClInclude Include="..\Include\ucachememory.h">
      <Filter>Header Files</Filter>
    </ClInclude>
    <ClInclude Include="..\Include\ucallbacks.h">
      <Filter>Header Files</Filter>
    </ClInclude>
    <ClInclude Include="..\Include\ucrosscast.h">
      <Filter>Header Files</Filter>
    </ClInclude>
    <ClInclude Include="..\Include\ucycliceval.h">
      <Filter>Header Files</Filter>
    </ClInclude>
    <ClInclude Include="..\Include\udebugsupport.h">
      <Filter>Header Files</Filter>
    </ClInclude>
    <ClInclude Include="..\Include\uderivablecheck.h">
      <Filter>Header Files</Filter>
    </ClInclude>
    <ClInclude Include="..\Include\udynamiclibloader.h">
      <Filter>Header Files</Filter>
    </ClInclude>
    <ClInclude Include="..\Include\ueditormixin.h">
      <Filter>Header Files</Filter>
    </ClInclude>
    <ClInclude Include="..\Include\uerrorclass.h">
      <Filter>Header Files</Filter>
    </ClInclude>
    <ClInclude Include="..\Include\ufiles.h">
      <Filter>Header Files</Filter>
    </ClInclude>
    <ClInclude Include="..\Include\ufunctors.h">
      <Filter>Header Files</Filter>
    </ClInclude>
    <ClInclude Include="..\Include\ugeometry.h">
      <Filter>Header Files</Filter>
    </ClInclude>
    <ClInclude Include="..\Include\uhash.h">
      <Filter>Header Files</Filter>
    </ClInclude>
    <ClInclude Include="..\Include\uinit.h">
      <Filter>Header Files</Filter>
    </ClInclude>
    <ClInclude Include="..\Include\uinstanceholder.h">
      <Filter>Header Files</Filter>
    </ClInclude>
    <ClInclude Include="..\Include\ulatedestructor.h">
      <Filter>Header Files</Filter>
    </ClInclude>
    <ClInclude Include="..\Include\ulexutil.h">
      <Filter>Header Files</Filter>
    </ClInclude>
    <ClInclude Include="..\Include\unamebasedinstantiator.h">
      <Filter>Header Files</Filter>
    </ClInclude>
    <ClInclude Include="..\Include\unestedstate.h">
      <Filter>Header Files</Filter>
    </ClInclude>
    <ClInclude Include="..\Include\uptr.h">
      <Filter>Header Files</Filter>
    </ClInclude>
    <ClInclude Include="..\Include\urecyclefactory.h">
      <Filter>Header Files</Filter>
    </ClInclude>
    <ClInclude Include="..\Include\usafeiterators.h">
      <Filter>Header Files</Filter>
    </ClInclude>
    <ClInclude Include="..\Include\usharedresourceholder.h">
      <Filter>Header Files</Filter>
    </ClInclude>
    <ClInclude Include="..\Include\usig.h">
      <Filter>Header Files</Filter>
    </ClInclude>
    <ClInclude Include="..\Include\usingleton.h">
      <Filter>Header Files</Filter>
    </ClInclude>
    <ClInclude Include="..\Include\usmartlist.h">
      <Filter>Header Files</Filter>
    </ClInclude>
    <ClInclude Include="..\Include\ustlhelpers.h">
      <Filter>Header Files</Filter>
    </ClInclude>
    <ClInclude Include="..\Include\ustrings.h">
      <Filter>Header Files</Filter>
    </ClInclude>
    <ClInclude Include="..\Include\usystem.h">
      <Filter>Header Files</Filter>
    </ClInclude>
    <ClInclude Include="..\Include\uthreadlib.h">
      <Filter>Header Files</Filter>
    </ClInclude>
    <ClInclude Include="..\Include\utreenode.h">
      <Filter>Header Files</Filter>
    </ClInclude>
    <ClInclude Include="..\Include\utypes.h">
      <Filter>Header Files</Filter>
    </ClInclude>
    <ClInclude Include="..\Include\uvalidatable.h">
      <Filter>Header Files</Filter>
    </ClInclude>
    <ClInclude Include="..\Include\uvalidator.h">
      <Filter>Header Files</Filter>
    </ClInclude>
    <ClInclude Include="..\Include\uvector.h">
      <Filter>Header Files</Filter>
    </ClInclude>
    <ClInclude Include="..\Include\uvirtualclass.h">
      <Filter>Header Files</Filter>
    </ClInclude>
  </ItemGroup>
  <ItemGroup>
    <ClCompile Include="..\Src\ubinaryio.cpp">
      <Filter>Source Files</Filter>
    </ClCompile>
    <ClCompile Include="..\Src\udynamiclibloader.cpp">
      <Filter>Source Files</Filter>
    </ClCompile>
    <ClCompile Include="..\Src\ueditormixin.cpp">
      <Filter>Source Files</Filter>
    </ClCompile>
    <ClCompile Include="..\Src\uerrorclass.cpp">
      <Filter>Source Files</Filter>
    </ClCompile>
    <ClCompile Include="..\Src\uerrorno.cpp">
      <Filter>Source Files</Filter>
    </ClCompile>
    <ClCompile Include="..\Src\ufiles.cpp">
      <Filter>Source Files</Filter>
    </ClCompile>
    <ClCompile Include="..\Src\ugeometry.cpp">
      <Filter>Source Files</Filter>
    </ClCompile>
    <ClCompile Include="..\Src\uhash.cpp">
      <Filter>Source Files</Filter>
    </ClCompile>
    <ClCompile Include="..\Src\uinit.cpp">
      <Filter>Source Files</Filter>
    </ClCompile>
    <ClCompile Include="..\Src\ulatedestructor.cpp">
      <Filter>Source Files</Filter>
    </ClCompile>
    <ClCompile Include="..\Src\ulexutil.cpp">
      <Filter>Source Files</Filter>
    </ClCompile>
    <ClCompile Include="..\Src\usafeiterators.cpp">
      <Filter>Source Files</Filter>
    </ClCompile>
    <ClCompile Include="..\Src\ustrings.cpp">
      <Filter>Source Files</Filter>
    </ClCompile>
    <ClCompile Include="..\Src\usystem.cpp">
      <Filter>Source Files</Filter>
    </ClCompile>
    <ClCompile Include="..\Src\uthreadlib.cpp">
      <Filter>Source Files</Filter>
    </ClCompile>
    <ClCompile Include="..\Src\utreenode.cpp">
      <Filter>Source Files</Filter>
    </ClCompile>
    <ClCompile Include="..\Src\uvalidatable.cpp">
      <Filter>Source Files</Filter>
    </ClCompile>
    <ClCompile Include="..\Src\uvalidator.cpp">
      <Filter>Source Files</Filter>
    </ClCompile>
  </ItemGroup>
</Project>