<?xml version="1.0" encoding="utf-8"?>
<Project ToolsVersion="4.0" xmlns="http://schemas.microsoft.com/developer/msbuild/2003">
  <ItemGroup>
    <Filter Include="Source Files">
      <UniqueIdentifier>{233eeace-6a4a-4491-a043-07a535c126f7}</UniqueIdentifier>
    </Filter>
    <Filter Include="Include Files">
      <UniqueIdentifier>{edcf511d-6588-4914-aac1-432588b729ed}</UniqueIdentifier>
    </Filter>
  </ItemGroup>
  <ItemGroup>
    <ClCompile Include="..\Src\DeltaBlock.cpp">
      <Filter>Source Files</Filter>
    </ClCompile>
    <ClCompile Include="..\Src\DeltaByteCodeTypes.cpp">
      <Filter>Source Files</Filter>
    </ClCompile>
    <ClCompile Include="..\Src\DeltaConstantProgramValues.cpp">
      <Filter>Source Files</Filter>
    </ClCompile>
    <ClCompile Include="..\Src\DeltaFunc.cpp">
      <Filter>Source Files</Filter>
    </ClCompile>
    <ClCompile Include="..\Src\DeltaLocal.cpp">
      <Filter>Source Files</Filter>
    </ClCompile>
    <ClCompile Include="..\Src\DeltaUnparsedCall.cpp">
      <Filter>Source Files</Filter>
    </ClCompile>
    <ClCompile Include="..\Src\DeltaUnparsedCallsInStmt.cpp">
      <Filter>Source Files</Filter>
    </ClCompile>
    <ClCompile Include="..\Src\DeltaUnparsedCallsInStmtHolder.cpp">
      <Filter>Source Files</Filter>
    </ClCompile>
    <ClCompile Include="..\Src\DeltaVars.cpp">
      <Filter>Source Files</Filter>
    </ClCompile>
  </ItemGroup>
  <ItemGroup>
    <ClInclude Include="..\Include\DeltaBlock.h">
      <Filter>Include Files</Filter>
    </ClInclude>
    <ClInclude Include="..\Include\DeltaByteCodeTypes.h">
      <Filter>Include Files</Filter>
    </ClInclude>
    <ClInclude Include="..\Include\DeltaConstantProgramValues.h">
      <Filter>Include Files</Filter>
    </ClInclude>
    <ClInclude Include="..\Include\DeltaFunc.h">
      <Filter>Include Files</Filter>
    </ClInclude>
    <ClInclude Include="..\Include\DeltaLocal.h">
      <Filter>Include Files</Filter>
    </ClInclude>
    <ClInclude Include="..\Include\DeltaStdDefs.h">
      <Filter>Include Files</Filter>
    </ClInclude>
    <ClInclude Include="..\Include\DeltaUnparsedCall.h">
      <Filter>Include Files</Filter>
    </ClInclude>
    <ClInclude Include="..\Include\DeltaUnparsedCallsInStmt.h">
      <Filter>Include Files</Filter>
    </ClInclude>
    <ClInclude Include="..\Include\DeltaUnparsedCallsInStmtHolder.h">
      <Filter>Include Files</Filter>
    </ClInclude>
    <ClInclude Include="..\Include\DeltaVars.h">
      <Filter>Include Files</Filter>
    </ClInclude>
    <ClInclude Include="..\Include\DeltaVersionDefs.h">
      <Filter>Include Files</Filter>
    </ClInclude>
  </ItemGroup>
</Project>