<?xml version="1.0" encoding="utf-8"?>
<Project name="Tests.dproj" version="alpha">
    <ProjectProperties>
        <working_directory>.</working_directory>
        <text>1</text>
        <symbolic>Tests.dproj</symbolic>
        <startup>Algorithms.dsc</startup>
        <output_path>.</output_path>
        <libs></libs>
        <icode>0</icode>
        <hostd></hostd>
        <host></host>
        <deployment>0</deployment>
        <debug>1</debug>
        <collapsed>0</collapsed>
        <bytecode_path></bytecode_path>
        <argsd></argsd>
        <args></args>
    </ProjectProperties>
    <Child type="Script" name="Backtrace.dsc">
        <ScriptProperties>
            <working_directory>.</working_directory>
            <text>1</text>
            <symbolic>Backtrace.dsc</symbolic>
            <output_path>.</output_path>
            <libs></libs>
            <icode>0</icode>
            <deployment>0</deployment>
            <debug>1</debug>
            <collapsed>0</collapsed>
            <bytecode_path></bytecode_path>
        </ScriptProperties>
    </Child>
    <Child type="Script" name="Client.dsc">
        <ScriptProperties>
            <working_directory>.</working_directory>
            <text>1</text>
            <symbolic>Client.dsc</symbolic>
            <output_path>.</output_path>
            <libs></libs>
            <icode>0</icode>
            <deployment>0</deployment>
            <debug>1</debug>
            <collapsed>0</collapsed>
            <bytecode_path></bytecode_path>
        </ScriptProperties>
    </Child>
    <Child type="Script" name="Delegation.dsc">
        <ScriptProperties>
            <working_directory>.</working_directory>
            <text>1</text>
            <symbolic>Delegation.dsc</symbolic>
            <output_path>.</output_path>
            <libs></libs>
            <icode>0</icode>
            <deployment>0</deployment>
            <debug>1</debug>
            <collapsed>0</collapsed>
            <bytecode_path></bytecode_path>
        </ScriptProperties>
    </Child>
    <Child type="Script" name="DynamicClasses.dsc">
        <ScriptProperties>
            <working_directory>.</working_directory>
            <text>1</text>
            <symbolic>DynamicClasses.dsc</symbolic>
            <output_path>.</output_path>
            <libs></libs>
            <icode>0</icode>
            <deployment>0</deployment>
            <debug>1</debug>
            <collapsed>0</collapsed>
            <bytecode_path></bytecode_path>
        </ScriptProperties>
    </Child>
    <Child type="Script" name="DynamicCompilation.dsc">
        <ScriptProperties>
            <working_directory>.</working_directory>
            <text>1</text>
            <symbolic>DynamicCompilation.dsc</symbolic>
            <output_path>.</output_path>
            <libs></libs>
            <icode>0</icode>
            <deployment>0</deployment>
            <debug>1</debug>
            <collapsed>0</collapsed>
            <bytecode_path></bytecode_path>
        </ScriptProperties>
    </Child>
    <Child type="Script" name="Exceptions.dsc">
        <ScriptProperties>
            <working_directory>.</working_directory>
            <text>1</text>
            <symbolic>Exceptions.dsc</symbolic>
            <output_path>.</output_path>
            <libs></libs>
            <icode>0</icode>
            <deployment>0</deployment>
            <debug>1</debug>
            <collapsed>0</collapsed>
            <bytecode_path></bytecode_path>
        </ScriptProperties>
    </Child>
    <Child type="Script" name="ForEach.dsc">
        <ScriptProperties>
            <working_directory>.</working_directory>
            <text>1</text>
            <symbolic>ForEach.dsc</symbolic>
            <output_path>.</output_path>
            <libs></libs>
            <icode>1</icode>
            <deployment>0</deployment>
            <debug>1</debug>
            <collapsed>0</collapsed>
            <bytecode_path></bytecode_path>
        </ScriptProperties>
    </Child>
    <Child type="Script" name="OperatorOverloading.dsc">
        <ScriptProperties>
            <working_directory>.</working_directory>
            <text>1</text>
            <symbolic>OperatorOverloading.dsc</symbolic>
            <output_path>.</output_path>
            <libs></libs>
            <icode>0</icode>
            <deployment>0</deployment>
            <debug>1</debug>
            <collapsed>0</collapsed>
            <bytecode_path></bytecode_path>
        </ScriptProperties>
    </Child>
    <Child type="Script" name="Server.dsc">
        <ScriptProperties>
            <working_directory>.</working_directory>
            <text>1</text>
            <symbolic>Server.dsc</symbolic>
            <output_path>.</output_path>
            <libs></libs>
            <icode>0</icode>
            <deployment>0</deployment>
            <debug>1</debug>
            <collapsed>0</collapsed>
            <bytecode_path></bytecode_path>
        </ScriptProperties>
    </Child>
    <Child type="Script" name="SubobjectTrees.dsc">
        <ScriptProperties>
            <working_directory>.</working_directory>
            <text>1</text>
            <symbolic>SubobjectTrees.dsc</symbolic>
            <output_path>.</output_path>
            <libs></libs>
            <icode>0</icode>
            <deployment>0</deployment>
            <debug>1</debug>
            <collapsed>0</collapsed>
            <bytecode_path></bytecode_path>
        </ScriptProperties>
    </Child>
    <Child type="Script" name="VariousFeatures.dsc">
        <ScriptProperties>
            <working_directory>.</working_directory>
            <text>1</text>
            <symbolic>VariousFeatures.dsc</symbolic>
            <output_path>.</output_path>
            <libs></libs>
            <icode>0</icode>
            <deployment>0</deployment>
            <debug>1</debug>
            <collapsed>0</collapsed>
            <bytecode_path></bytecode_path>
        </ScriptProperties>
    </Child>
    <Child type="Script" name="Libs.dsc">
        <ScriptProperties>
            <working_directory>.</working_directory>
            <text>1</text>
            <symbolic>Libs.dsc</symbolic>
            <output_path>.</output_path>
            <libs></libs>
            <icode>0</icode>
            <deployment>0</deployment>
            <debug>1</debug>
            <collapsed>0</collapsed>
            <bytecode_path></bytecode_path>
        </ScriptProperties>
    </Child>
    <Child type="Script" name="Closures.dsc">
        <ScriptProperties>
            <working_directory>.</working_directory>
            <text>1</text>
            <symbolic>Closures.dsc</symbolic>
            <output_path>.</output_path>
            <libs></libs>
            <icode>1</icode>
            <deployment>0</deployment>
            <debug>1</debug>
            <collapsed>0</collapsed>
            <bytecode_path>.</bytecode_path>
        </ScriptProperties>
    </Child>
    <Child type="Script" name="Algorithms.dsc">
        <ScriptProperties>
            <working_directory>.</working_directory>
            <text>1</text>
            <symbolic>Algorithms.dsc</symbolic>
            <output_path>.</output_path>
            <libs></libs>
            <icode>0</icode>
            <deployment>0</deployment>
            <debug>1</debug>
            <collapsed>0</collapsed>
            <bytecode_path></bytecode_path>
        </ScriptProperties>
    </Child>
</Project>
