<?xml version="1.0" encoding="utf-8"?>
<Project name="Tests.dproj" version="alpha">
    <ProjectProperties>
        <working_directory>.</working_directory>
        <text>1</text>
        <symbolic>Tests.dproj</symbolic>
        <startup>OperatorOverloading.dsc</startup>
        <stage_output_path>./</stage_output_path>
        <output_path>./Out</output_path>
        <libs></libs>
        <icode>0</icode>
        <hostd></hostd>
        <host></host>
        <dllimport_path></dllimport_path>
        <deployment>0</deployment>
        <debug>1</debug>
        <collapsed>0</collapsed>
        <bytecode_path></bytecode_path>
        <argsd></argsd>
        <args></args>
    </ProjectProperties>
    <Child type="Script" name="Backtrace.dsc">
        <ScriptProperties>
            <working_directory>.</working_directory>
            <text>1</text>
            <symbolic>Backtrace.dsc</symbolic>
            <stage_sources_options/>
            <stage_output_path>./</stage_output_path>
            <output_path>.</output_path>
            <output>Backtrace</output>
            <libs></libs>
            <icode>0</icode>
            <extra_deps></extra_deps>
            <dllimport_path></dllimport_path>
            <deployment>0</deployment>
            <debug>1</debug>
            <collapsed>0</collapsed>
            <bytecode_path></bytecode_path>
            <aspects></aspects>
        </ScriptProperties>
    </Child>
    <Child type="Script" name="Client.dsc">
        <ScriptProperties>
            <working_directory>.</working_directory>
            <text>1</text>
            <symbolic>Client.dsc</symbolic>
            <stage_sources_options/>
            <stage_output_path>./</stage_output_path>
            <output_path>.</output_path>
            <output>Client</output>
            <libs></libs>
            <icode>0</icode>
            <extra_deps></extra_deps>
            <dllimport_path></dllimport_path>
            <deployment>0</deployment>
            <debug>1</debug>
            <collapsed>0</collapsed>
            <bytecode_path></bytecode_path>
            <aspects></aspects>
        </ScriptProperties>
    </Child>
    <Child type="Script" name="Delegation.dsc">
        <ScriptProperties>
            <working_directory>.</working_directory>
            <text>1</text>
            <symbolic>Delegation.dsc</symbolic>
            <stage_sources_options/>
            <stage_output_path>./</stage_output_path>
            <output_path>.</output_path>
            <output>Delegation</output>
            <libs></libs>
            <icode>0</icode>
            <extra_deps></extra_deps>
            <dllimport_path></dllimport_path>
            <deployment>0</deployment>
            <debug>1</debug>
            <collapsed>0</collapsed>
            <bytecode_path></bytecode_path>
            <aspects></aspects>
        </ScriptProperties>
    </Child>
    <Child type="Script" name="DynamicClasses.dsc">
        <ScriptProperties>
            <working_directory>.</working_directory>
            <text>1</text>
            <symbolic>DynamicClasses.dsc</symbolic>
            <stage_sources_options/>
            <stage_output_path>./</stage_output_path>
            <output_path>.</output_path>
            <output>DynamicClasses</output>
            <libs></libs>
            <icode>0</icode>
            <extra_deps></extra_deps>
            <dllimport_path></dllimport_path>
            <deployment>0</deployment>
            <debug>1</debug>
            <collapsed>0</collapsed>
            <bytecode_path></bytecode_path>
            <aspects></aspects>
        </ScriptProperties>
    </Child>
    <Child type="Script" name="DynamicCompilation.dsc">
        <ScriptProperties>
            <working_directory>.</working_directory>
            <text>1</text>
            <symbolic>DynamicCompilation.dsc</symbolic>
            <stage_sources_options/>
            <stage_output_path>./</stage_output_path>
            <output_path>.</output_path>
            <output>DynamicCompilation</output>
            <libs></libs>
            <icode>0</icode>
            <extra_deps></extra_deps>
            <dllimport_path></dllimport_path>
            <deployment>0</deployment>
            <debug>1</debug>
            <collapsed>0</collapsed>
            <bytecode_path></bytecode_path>
            <aspects></aspects>
        </ScriptProperties>
    </Child>
    <Child type="Script" name="Exceptions.dsc">
        <ScriptProperties>
            <working_directory>.</working_directory>
            <text>1</text>
            <symbolic>Exceptions.dsc</symbolic>
            <stage_sources_options/>
            <stage_output_path>./</stage_output_path>
            <output_path>.</output_path>
            <output>Exceptions</output>
            <libs></libs>
            <icode>0</icode>
            <extra_deps></extra_deps>
            <dllimport_path></dllimport_path>
            <deployment>0</deployment>
            <debug>1</debug>
            <collapsed>0</collapsed>
            <bytecode_path></bytecode_path>
            <aspects></aspects>
        </ScriptProperties>
    </Child>
    <Child type="Script" name="ForEach.dsc">
        <ScriptProperties>
            <working_directory>.</working_directory>
            <text>1</text>
            <symbolic>ForEach.dsc</symbolic>
            <stage_sources_options/>
            <stage_output_path>./</stage_output_path>
            <output_path>.</output_path>
            <output>ForEach</output>
            <libs></libs>
            <icode>1</icode>
            <extra_deps></extra_deps>
            <dllimport_path></dllimport_path>
            <deployment>0</deployment>
            <debug>1</debug>
            <collapsed>1</collapsed>
            <bytecode_path></bytecode_path>
            <aspects></aspects>
        </ScriptProperties>
    </Child>
    <Child type="Script" name="OperatorOverloading.dsc">
        <ScriptProperties>
            <working_directory>.</working_directory>
            <text>1</text>
            <symbolic>OperatorOverloading.dsc</symbolic>
            <stage_sources_options/>
            <stage_output_path>./</stage_output_path>
            <output_path>.</output_path>
            <output>OperatorOverloading</output>
            <libs></libs>
            <icode>0</icode>
            <extra_deps></extra_deps>
            <dllimport_path></dllimport_path>
            <deployment>0</deployment>
            <debug>1</debug>
            <collapsed>0</collapsed>
            <bytecode_path></bytecode_path>
            <aspects></aspects>
        </ScriptProperties>
    </Child>
    <Child type="Script" name="Server.dsc">
        <ScriptProperties>
            <working_directory>.</working_directory>
            <text>1</text>
            <symbolic>Server.dsc</symbolic>
            <stage_sources_options/>
            <stage_output_path>./</stage_output_path>
            <output_path>.</output_path>
            <output>Server</output>
            <libs></libs>
            <icode>0</icode>
            <extra_deps></extra_deps>
            <dllimport_path></dllimport_path>
            <deployment>0</deployment>
            <debug>1</debug>
            <collapsed>0</collapsed>
            <bytecode_path></bytecode_path>
            <aspects></aspects>
        </ScriptProperties>
    </Child>
    <Child type="Script" name="SubobjectTrees.dsc">
        <ScriptProperties>
            <working_directory>.</working_directory>
            <text>1</text>
            <symbolic>SubobjectTrees.dsc</symbolic>
            <stage_sources_options/>
            <stage_output_path>./</stage_output_path>
            <output_path>.</output_path>
            <output>SubobjectTrees</output>
            <libs></libs>
            <icode>0</icode>
            <extra_deps></extra_deps>
            <dllimport_path></dllimport_path>
            <deployment>0</deployment>
            <debug>1</debug>
            <collapsed>0</collapsed>
            <bytecode_path></bytecode_path>
            <aspects></aspects>
        </ScriptProperties>
    </Child>
    <Child type="Script" name="VariousFeatures.dsc">
        <ScriptProperties>
            <working_directory>.</working_directory>
            <text>1</text>
            <symbolic>VariousFeatures.dsc</symbolic>
            <stage_sources_options/>
            <stage_output_path>./</stage_output_path>
            <output_path>.</output_path>
            <output>VariousFeatures</output>
            <libs></libs>
            <icode>0</icode>
            <extra_deps></extra_deps>
            <dllimport_path></dllimport_path>
            <deployment>0</deployment>
            <debug>1</debug>
            <collapsed>0</collapsed>
            <bytecode_path></bytecode_path>
            <aspects></aspects>
        </ScriptProperties>
    </Child>
    <Child type="Script" name="Libs.dsc">
        <ScriptProperties>
            <working_directory>.</working_directory>
            <text>1</text>
            <symbolic>Libs.dsc</symbolic>
            <stage_sources_options/>
            <stage_output_path>./</stage_output_path>
            <output_path>.</output_path>
            <output>Libs</output>
            <libs></libs>
            <icode>0</icode>
            <extra_deps></extra_deps>
            <dllimport_path></dllimport_path>
            <deployment>0</deployment>
            <debug>1</debug>
            <collapsed>0</collapsed>
            <bytecode_path></bytecode_path>
            <aspects></aspects>
        </ScriptProperties>
    </Child>
    <Child type="Script" name="Closures.dsc">
        <ScriptProperties>
            <working_directory>.</working_directory>
            <text>1</text>
            <symbolic>Closures.dsc</symbolic>
            <stage_sources_options/>
            <stage_output_path>./</stage_output_path>
            <output_path>.</output_path>
            <output>Closures</output>
            <libs></libs>
            <icode>1</icode>
            <extra_deps></extra_deps>
            <dllimport_path></dllimport_path>
            <deployment>0</deployment>
            <debug>1</debug>
            <collapsed>0</collapsed>
            <bytecode_path>.</bytecode_path>
            <aspects></aspects>
        </ScriptProperties>
    </Child>
    <Child type="Script" name="Algorithms.dsc">
        <ScriptProperties>
            <working_directory>.</working_directory>
            <text>1</text>
            <symbolic>Algorithms.dsc</symbolic>
            <stage_sources_options/>
            <stage_output_path>./</stage_output_path>
            <output_path>.</output_path>
            <output>Algorithms</output>
            <libs></libs>
            <icode>0</icode>
            <extra_deps></extra_deps>
            <dllimport_path></dllimport_path>
            <deployment>0</deployment>
            <debug>1</debug>
            <collapsed>0</collapsed>
            <bytecode_path></bytecode_path>
            <aspects></aspects>
        </ScriptProperties>
    </Child>
    <Child type="Script" name="Generators.dsc">
        <ScriptProperties>
            <working_directory>./Bin</working_directory>
            <text>1</text>
            <symbolic>Generators.dsc</symbolic>
            <stage_sources_options/>
            <stage_output_path>./</stage_output_path>
            <output_path>./Out</output_path>
            <output>Generators</output>
            <libs></libs>
            <icode>0</icode>
            <extra_deps></extra_deps>
            <dllimport_path></dllimport_path>
            <deployment>0</deployment>
            <debug>1</debug>
            <collapsed>0</collapsed>
            <bytecode_path>%DELTA%/DeltaStdLib/Src/Bytecode</bytecode_path>
            <aspects></aspects>
        </ScriptProperties>
    </Child>
</Project>
