<?xml version="1.0" encoding="utf-8"?>
<Project ToolsVersion="4.0" xmlns="http://schemas.microsoft.com/developer/msbuild/2003">
  <ItemGroup>
    <Filter Include="Source Files">
      <UniqueIdentifier>{4FC737F1-C7A5-4376-A066-2A32D752A2FF}</UniqueIdentifier>
      <Extensions>cpp;c;cc;cxx;def;odl;idl;hpj;bat;asm;asmx</Extensions>
    </Filter>
    <Filter Include="Header Files">
      <UniqueIdentifier>{c1948cc9-041b-49fa-8163-35b15520584a}</UniqueIdentifier>
    </Filter>
  </ItemGroup>
  <ItemGroup>
    <ClCompile Include="..\Src\PointcutScanner.cpp">
      <Filter>Source Files</Filter>
    </ClCompile>
    <ClCompile Include="..\Src\PointcutSyntax.cpp">
      <Filter>Source Files</Filter>
    </ClCompile>
    <ClCompile Include="..\Src\DeltaAOPLib.cpp">
      <Filter>Source Files</Filter>
    </ClCompile>
    <ClCompile Include="..\Src\PointcutParseActions.cpp">
      <Filter>Source Files</Filter>
    </ClCompile>
    <ClCompile Include="..\Src\AOPLibrary.cpp">
      <Filter>Source Files</Filter>
    </ClCompile>
    <ClCompile Include="..\Src\ASTPointcuts.cpp">
      <Filter>Source Files</Filter>
    </ClCompile>
    <ClCompile Include="..\Src\AOPPointcuts.cpp">
      <Filter>Source Files</Filter>
    </ClCompile>
  </ItemGroup>
  <ItemGroup>
    <None Include="Deps.txt" />
    <None Include="..\AOPLibFuncs.txt" />
    <None Include="..\Src\PointcutScanner.l">
      <Filter>Source Files</Filter>
    </None>
    <None Include="..\Src\PointcutSyntax.y">
      <Filter>Source Files</Filter>
    </None>
  </ItemGroup>
  <ItemGroup>
    <ClInclude Include="..\Include\unistd.h">
      <Filter>Header Files</Filter>
    </ClInclude>
    <ClInclude Include="..\Include\PointcutParseActions.h">
      <Filter>Header Files</Filter>
    </ClInclude>
    <ClInclude Include="..\Include\PointcutSyntax.h">
      <Filter>Header Files</Filter>
    </ClInclude>
    <ClInclude Include="..\Include\DeltaAOPLib.h">
      <Filter>Header Files</Filter>
    </ClInclude>
    <ClInclude Include="..\Include\AOPLibrary.h">
      <Filter>Header Files</Filter>
    </ClInclude>
    <ClInclude Include="..\Include\PointcutScanner.h">
      <Filter>Header Files</Filter>
    </ClInclude>
    <ClInclude Include="..\Include\Pointcut.h">
      <Filter>Header Files</Filter>
    </ClInclude>
    <ClInclude Include="..\Include\PointcutCombinators.h">
      <Filter>Header Files</Filter>
    </ClInclude>
    <ClInclude Include="..\Include\ASTPointcuts.h">
      <Filter>Header Files</Filter>
    </ClInclude>
    <ClInclude Include="..\Include\UtilVisitors.h">
      <Filter>Header Files</Filter>
    </ClInclude>
    <ClInclude Include="..\Include\AOPPointcuts.h">
      <Filter>Header Files</Filter>
    </ClInclude>
  </ItemGroup>
</Project>