<?xml version="1.0" encoding="utf-8"?>
<Project name="raiden.dproj" version="alpha">
    <ProjectProperties>
        <working_directory>../../../dbc</working_directory>
        <text>0</text>
        <symbolic>Project/raiden.dproj</symbolic>
        <startup>..\Src\raiden.dsc</startup>
        <output_path>../../../dbc</output_path>
        <libs>wx;xml</libs>
        <icode>0</icode>
        <hostd></hostd>
        <host></host>
        <deployment>0</deployment>
        <debug>1</debug>
        <collapsed>0</collapsed>
        <bytecode_path>../../../dbc</bytecode_path>
        <argsd></argsd>
        <args></args>
    </ProjectProperties>
    <Child type="Script" name="..\Src\raiden.dsc">
        <ScriptProperties>
            <working_directory>../dbc</working_directory>
            <text>0</text>
            <symbolic>Src/raiden.dsc</symbolic>
            <output_path>../dbc</output_path>
            <libs>wx;xml</libs>
            <icode>0</icode>
            <deployment>0</deployment>
            <debug>1</debug>
            <collapsed>0</collapsed>
            <bytecode_path>../dbc</bytecode_path>
        </ScriptProperties>
    </Child>
    <Child type="Filter" name="raidenCore">
        <Child type="Filter" name="Data">
            <Child type="Script" name="..\Src\raidenCore\Data\Constituents.dsc">
                <ScriptProperties>
                    <working_directory>../../../dbc</working_directory>
                    <text>0</text>
                    <symbolic>Src/raidenCore/Data/Constituents.dsc</symbolic>
                    <output_path>../../../dbc</output_path>
                    <libs>wx;xml</libs>
                    <icode>0</icode>
                    <deployment>1</deployment>
                    <debug>1</debug>
                    <collapsed>0</collapsed>
                    <bytecode_path>../../../dbc</bytecode_path>
                </ScriptProperties>
            </Child>
            <Child type="Script" name="..\Src\raidenCore\Data\ConstituentsUI.dsc">
                <ScriptProperties>
                    <working_directory>../../../dbc</working_directory>
                    <text>0</text>
                    <symbolic>Src/raidenCore/Data/ConstituentsUI.dsc</symbolic>
                    <output_path>../../../dbc</output_path>
                    <libs>wx;xml</libs>
                    <icode>0</icode>
                    <deployment>1</deployment>
                    <debug>1</debug>
                    <collapsed>0</collapsed>
                    <bytecode_path>../../../dbc</bytecode_path>
                </ScriptProperties>
            </Child>
            <Child type="Script" name="..\Src\raidenCore\Data\Filters.dsc">
                <ScriptProperties>
                    <working_directory>../../../dbc</working_directory>
                    <text>0</text>
                    <symbolic>Src/raidenCore/Data/Filters.dsc</symbolic>
                    <output_path>../../../dbc</output_path>
                    <libs>wx;xml</libs>
                    <icode>0</icode>
                    <deployment>1</deployment>
                    <debug>1</debug>
                    <collapsed>0</collapsed>
                    <bytecode_path>../../../dbc</bytecode_path>
                </ScriptProperties>
            </Child>
            <Child type="Script" name="..\Src\raidenCore\Data\IdManagement.dsc">
                <ScriptProperties>
                    <working_directory>../../../dbc</working_directory>
                    <text>0</text>
                    <symbolic>Src/raidenCore/Data/IdManagement.dsc</symbolic>
                    <output_path>../../../dbc</output_path>
                    <libs>wx;xml</libs>
                    <icode>0</icode>
                    <deployment>1</deployment>
                    <debug>1</debug>
                    <collapsed>0</collapsed>
                    <bytecode_path>../../../dbc</bytecode_path>
                </ScriptProperties>
            </Child>
            <Child type="Script" name="..\Src\raidenCore\Data\ImageHolder.dsc">
                <ScriptProperties>
                    <working_directory>../../../dbc</working_directory>
                    <text>0</text>
                    <symbolic>Src/raidenCore/Data/ImageHolder.dsc</symbolic>
                    <output_path>../../../dbc</output_path>
                    <libs>wx;xml</libs>
                    <icode>0</icode>
                    <deployment>1</deployment>
                    <debug>1</debug>
                    <collapsed>0</collapsed>
                    <bytecode_path>../../../dbc</bytecode_path>
                </ScriptProperties>
            </Child>
            <Child type="Script" name="..\Src\raidenCore\Data\ProjectRAD.dsc">
                <ScriptProperties>
                    <working_directory>../../../dbc</working_directory>
                    <text>0</text>
                    <symbolic>Src/raidenCore/Data/ProjectRAD.dsc</symbolic>
                    <output_path>../../../dbc</output_path>
                    <libs>wx;xml</libs>
                    <icode>0</icode>
                    <deployment>1</deployment>
                    <debug>1</debug>
                    <collapsed>0</collapsed>
                    <bytecode_path>../../../dbc</bytecode_path>
                </ScriptProperties>
            </Child>
            <Child type="Script" name="..\Src\raidenCore\Data\AddrFuncs.dsc">
                <ScriptProperties>
                    <working_directory>../../../dbc</working_directory>
                    <text>0</text>
                    <symbolic>Src/raidenCore/Data/AddrFuncs.dsc</symbolic>
                    <output_path>../../../dbc</output_path>
                    <libs>wx;xml</libs>
                    <icode>0</icode>
                    <deployment>1</deployment>
                    <debug>1</debug>
                    <collapsed>0</collapsed>
                    <bytecode_path>../../../dbc</bytecode_path>
                </ScriptProperties>
            </Child>
        </Child>
        <Child type="Filter" name="Events">
            <Child type="Script" name="..\Src\raidenCore\Events\ConstituentsEvents.dsc">
                <ScriptProperties>
                    <working_directory>../../../dbc</working_directory>
                    <text>0</text>
                    <symbolic>Src/raidenCore/Events/ConstituentsEvents.dsc</symbolic>
                    <output_path>../../../dbc</output_path>
                    <libs>wx;xml</libs>
                    <icode>0</icode>
                    <deployment>1</deployment>
                    <debug>1</debug>
                    <collapsed>0</collapsed>
                    <bytecode_path>../../../dbc</bytecode_path>
                </ScriptProperties>
            </Child>
            <Child type="Script" name="..\Src\raidenCore\Events\ConstituentsMouseEvents.dsc">
                <ScriptProperties>
                    <working_directory>../../../dbc</working_directory>
                    <text>0</text>
                    <symbolic>Src/raidenCore/Events/ConstituentsMouseEvents.dsc</symbolic>
                    <output_path>../../../dbc</output_path>
                    <libs>wx;xml</libs>
                    <icode>0</icode>
                    <deployment>1</deployment>
                    <debug>1</debug>
                    <collapsed>0</collapsed>
                    <bytecode_path>../../../dbc</bytecode_path>
                </ScriptProperties>
            </Child>
            <Child type="Script" name="..\Src\raidenCore\Events\PatternsEvents.dsc">
                <ScriptProperties>
                    <working_directory>../../../dbc</working_directory>
                    <text>0</text>
                    <symbolic>Src/raidenCore/Events/PatternsEvents.dsc</symbolic>
                    <output_path>../../../dbc</output_path>
                    <libs>wx;xml</libs>
                    <icode>0</icode>
                    <deployment>1</deployment>
                    <debug>1</debug>
                    <collapsed>0</collapsed>
                    <bytecode_path>../../../dbc</bytecode_path>
                </ScriptProperties>
            </Child>
            <Child type="Script" name="..\Src\raidenCore\Events\ProjectEvent.dsc">
                <ScriptProperties>
                    <working_directory>../../../dbc</working_directory>
                    <text>0</text>
                    <symbolic>Src/raidenCore/Events/ProjectEvent.dsc</symbolic>
                    <output_path>../../../dbc</output_path>
                    <libs>wx;xml</libs>
                    <icode>0</icode>
                    <deployment>1</deployment>
                    <debug>1</debug>
                    <collapsed>0</collapsed>
                    <bytecode_path>../../../dbc</bytecode_path>
                </ScriptProperties>
            </Child>
            <Child type="Script" name="..\Src\raidenCore\Events\RadEvents.dsc">
                <ScriptProperties>
                    <working_directory>../../../dbc</working_directory>
                    <text>0</text>
                    <symbolic>Src/raidenCore/Events/RadEvents.dsc</symbolic>
                    <output_path>../../../dbc</output_path>
                    <libs>wx;xml</libs>
                    <icode>0</icode>
                    <deployment>1</deployment>
                    <debug>1</debug>
                    <collapsed>0</collapsed>
                    <bytecode_path>../../../dbc</bytecode_path>
                </ScriptProperties>
            </Child>
        </Child>
        <Child type="Filter" name="Utilities">
            <Child type="Script" name="..\Src\raidenCore\Utilities\Dialogs.dsc">
                <ScriptProperties>
                    <working_directory>../../../dbc</working_directory>
                    <text>0</text>
                    <symbolic>Src/raidenCore/Utilities/Dialogs.dsc</symbolic>
                    <output_path>../../../dbc</output_path>
                    <libs>wx;xml</libs>
                    <icode>0</icode>
                    <deployment>1</deployment>
                    <debug>1</debug>
                    <collapsed>0</collapsed>
                    <bytecode_path>../../../dbc</bytecode_path>
                </ScriptProperties>
            </Child>
            <Child type="Script" name="..\Src\raidenCore\Utilities\EditDialogs.dsc">
                <ScriptProperties>
                    <working_directory>../../../dbc</working_directory>
                    <text>0</text>
                    <symbolic>Src/raidenCore/Utilities/EditDialogs.dsc</symbolic>
                    <output_path>../../../dbc</output_path>
                    <libs>wx;xml</libs>
                    <icode>0</icode>
                    <deployment>1</deployment>
                    <debug>1</debug>
                    <collapsed>0</collapsed>
                    <bytecode_path>../../../dbc</bytecode_path>
                </ScriptProperties>
            </Child>
            <Child type="Script" name="..\Src\raidenCore\Utilities\SaveLoad.dsc">
                <ScriptProperties>
                    <working_directory>../../../dbc</working_directory>
                    <text>0</text>
                    <symbolic>Src/raidenCore/Utilities/SaveLoad.dsc</symbolic>
                    <output_path>../../../dbc</output_path>
                    <libs>wx;xml</libs>
                    <icode>0</icode>
                    <deployment>1</deployment>
                    <debug>1</debug>
                    <collapsed>0</collapsed>
                    <bytecode_path>../../../dbc</bytecode_path>
                </ScriptProperties>
            </Child>
            <Child type="Script" name="..\Src\raidenCore\Utilities\ShapeRAD.dsc">
                <ScriptProperties>
                    <working_directory>../../../dbc</working_directory>
                    <text>0</text>
                    <symbolic>Src/raidenCore/Utilities/ShapeRAD.dsc</symbolic>
                    <output_path>../../../dbc</output_path>
                    <libs>wx;xml</libs>
                    <icode>0</icode>
                    <deployment>1</deployment>
                    <debug>1</debug>
                    <collapsed>0</collapsed>
                    <bytecode_path>../../../dbc</bytecode_path>
                </ScriptProperties>
            </Child>
            <Child type="Script" name="..\Src\raidenCore\Utilities\ToolBarRAD.dsc">
                <ScriptProperties>
                    <working_directory>../../../dbc</working_directory>
                    <text>0</text>
                    <symbolic>Src/raidenCore/Utilities/ToolBarRAD.dsc</symbolic>
                    <output_path>../../../dbc</output_path>
                    <libs>wx;xml</libs>
                    <icode>0</icode>
                    <deployment>1</deployment>
                    <debug>1</debug>
                    <collapsed>0</collapsed>
                    <bytecode_path>../../../dbc</bytecode_path>
                </ScriptProperties>
            </Child>
            <Child type="Script" name="..\Src\raidenCore\Utilities\TreeView.dsc">
                <ScriptProperties>
                    <working_directory>../../../dbc</working_directory>
                    <text>0</text>
                    <symbolic>Src/raidenCore/Utilities/TreeView.dsc</symbolic>
                    <output_path>../../../dbc</output_path>
                    <libs>wx;xml</libs>
                    <icode>0</icode>
                    <deployment>1</deployment>
                    <debug>1</debug>
                    <collapsed>0</collapsed>
                    <bytecode_path>../../../dbc</bytecode_path>
                </ScriptProperties>
            </Child>
            <Child type="Script" name="..\Src\raidenCore\Utilities\UndoRedo.dsc">
                <ScriptProperties>
                    <working_directory>../../../dbc</working_directory>
                    <text>0</text>
                    <symbolic>Src/raidenCore/Utilities/UndoRedo.dsc</symbolic>
                    <output_path>../../../dbc</output_path>
                    <libs>wx;xml</libs>
                    <icode>0</icode>
                    <deployment>1</deployment>
                    <debug>1</debug>
                    <collapsed>0</collapsed>
                    <bytecode_path>../../../dbc</bytecode_path>
                </ScriptProperties>
            </Child>
            <Child type="Script" name="..\Src\raidenCore\Utilities\Utilities.dsc">
                <ScriptProperties>
                    <working_directory>../../../dbc</working_directory>
                    <text>0</text>
                    <symbolic>Src/raidenCore/Utilities/Utilities.dsc</symbolic>
                    <output_path>../../../dbc</output_path>
                    <libs>wx;xml</libs>
                    <icode>0</icode>
                    <deployment>1</deployment>
                    <debug>1</debug>
                    <collapsed>0</collapsed>
                    <bytecode_path>../../../dbc</bytecode_path>
                </ScriptProperties>
            </Child>
            <Child type="Script" name="..\Src\raidenCore\Utilities\Zoom.dsc">
                <ScriptProperties>
                    <working_directory>../../../dbc</working_directory>
                    <text>0</text>
                    <symbolic>Src/raidenCore/Utilities/Zoom.dsc</symbolic>
                    <output_path>../../../dbc</output_path>
                    <libs>wx;xml</libs>
                    <icode>0</icode>
                    <deployment>1</deployment>
                    <debug>1</debug>
                    <collapsed>0</collapsed>
                    <bytecode_path>../../../dbc</bytecode_path>
                </ScriptProperties>
            </Child>
            <Child type="Script" name="..\Src\raidenCore\Utilities\Scrollbars.dsc">
                <ScriptProperties>
                    <working_directory>../../../dbc</working_directory>
                    <text>0</text>
                    <symbolic>Src/raidenCore/Utilities/Scrollbars.dsc</symbolic>
                    <output_path>../../../dbc</output_path>
                    <libs>wx;xml</libs>
                    <icode>0</icode>
                    <deployment>1</deployment>
                    <debug>1</debug>
                    <collapsed>0</collapsed>
                    <bytecode_path>../../../dbc</bytecode_path>
                </ScriptProperties>
            </Child>
        </Child>
    </Child>
</Project>
