<?xml version="1.0" encoding="utf-8"?>
<Project ToolsVersion="4.0" xmlns="http://schemas.microsoft.com/developer/msbuild/2003">
  <ItemGroup>
    <Filter Include="Source Files">
      <UniqueIdentifier>{4FC737F1-C7A5-4376-A066-2A32D752A2FF}</UniqueIdentifier>
      <Extensions>cpp;c;cc;cxx;def;odl;idl;hpj;bat;asm;asmx</Extensions>
    </Filter>
    <Filter Include="Source Files\LensView">
      <UniqueIdentifier>{667c4bc7-b600-49c0-b6ec-9eb9a220ca27}</UniqueIdentifier>
    </Filter>
    <Filter Include="Source Files\Zoom">
      <UniqueIdentifier>{407ac698-bef4-424a-9a35-654ecd42a039}</UniqueIdentifier>
    </Filter>
    <Filter Include="Header Files">
      <UniqueIdentifier>{93995380-89BD-4b04-88EB-625FBE52EBFB}</UniqueIdentifier>
      <Extensions>h;hpp;hxx;hm;inl;inc;xsd</Extensions>
    </Filter>
    <Filter Include="Header Files\LensView">
      <UniqueIdentifier>{3e31e27d-d830-493a-a743-d6520c658c0a}</UniqueIdentifier>
    </Filter>
    <Filter Include="Header Files\Zoom">
      <UniqueIdentifier>{bf2c7095-6e98-4bd7-9a22-79111761b6e7}</UniqueIdentifier>
    </Filter>
    <Filter Include="Resource Files">
      <UniqueIdentifier>{67DA6AB6-F800-4c08-8B7A-83BB121AAD01}</UniqueIdentifier>
      <Extensions>rc;ico;cur;bmp;dlg;rc2;rct;bin;rgs;gif;jpg;jpeg;jpe;resx;tiff;tif;png;wav</Extensions>
    </Filter>
  </ItemGroup>
  <ItemGroup>
    <ClCompile Include="..\Src\HandTool.cpp">
      <Filter>Source Files</Filter>
    </ClCompile>
    <ClCompile Include="..\Src\ImageSaver.cpp">
      <Filter>Source Files</Filter>
    </ClCompile>
    <ClCompile Include="..\Src\IviewsCanvas.cpp">
      <Filter>Source Files</Filter>
    </ClCompile>
    <ClCompile Include="..\Src\IviewsWindow.cpp">
      <Filter>Source Files</Filter>
    </ClCompile>
    <ClCompile Include="..\Src\PopupWindow.cpp">
      <Filter>Source Files</Filter>
    </ClCompile>
    <ClCompile Include="..\Src\PopupWindowTimer.cpp">
      <Filter>Source Files</Filter>
    </ClCompile>
    <ClCompile Include="..\Src\ReferenceDepth.cpp">
      <Filter>Source Files</Filter>
    </ClCompile>
    <ClCompile Include="..\Src\Statistics.cpp">
      <Filter>Source Files</Filter>
    </ClCompile>
    <ClCompile Include="..\Src\TextualFrame.cpp">
      <Filter>Source Files</Filter>
    </ClCompile>
    <ClCompile Include="..\Src\TipTimer.cpp">
      <Filter>Source Files</Filter>
    </ClCompile>
    <ClCompile Include="..\Src\TipWindow.cpp">
      <Filter>Source Files</Filter>
    </ClCompile>
    <ClCompile Include="..\Src\WxGraphicsLayoutPrimitives.cpp">
      <Filter>Source Files</Filter>
    </ClCompile>
    <ClCompile Include="..\Src\WxRenderingAPI.cpp">
      <Filter>Source Files</Filter>
    </ClCompile>
    <ClCompile Include="..\Src\XMLConfigurationLoader.cpp">
      <Filter>Source Files</Filter>
    </ClCompile>
    <ClCompile Include="..\Src\LensViewCanvas.cpp">
      <Filter>Source Files\LensView</Filter>
    </ClCompile>
    <ClCompile Include="..\Src\LensViewWindow.cpp">
      <Filter>Source Files\LensView</Filter>
    </ClCompile>
    <ClCompile Include="..\Src\ZoomManager.cpp">
      <Filter>Source Files\Zoom</Filter>
    </ClCompile>
    <ClCompile Include="..\Src\ZoomParameters.cpp">
      <Filter>Source Files\Zoom</Filter>
    </ClCompile>
  </ItemGroup>
  <ItemGroup>
    <ClInclude Include="..\Include\HandTool.h">
      <Filter>Header Files</Filter>
    </ClInclude>
    <ClInclude Include="..\Include\ImageSaver.h">
      <Filter>Header Files</Filter>
    </ClInclude>
    <ClInclude Include="..\Include\IviewsCanvas.h">
      <Filter>Header Files</Filter>
    </ClInclude>
    <ClInclude Include="..\Include\IviewsWindow.h">
      <Filter>Header Files</Filter>
    </ClInclude>
    <ClInclude Include="..\Include\PopupWindow.h">
      <Filter>Header Files</Filter>
    </ClInclude>
    <ClInclude Include="..\Include\PopupWindowTimer.h">
      <Filter>Header Files</Filter>
    </ClInclude>
    <ClInclude Include="..\Include\ReferenceDepth.h">
      <Filter>Header Files</Filter>
    </ClInclude>
    <ClInclude Include="..\Include\Statistics.h">
      <Filter>Header Files</Filter>
    </ClInclude>
    <ClInclude Include="..\Include\TextualFrame.h">
      <Filter>Header Files</Filter>
    </ClInclude>
    <ClInclude Include="..\Include\TipTimer.h">
      <Filter>Header Files</Filter>
    </ClInclude>
    <ClInclude Include="..\Include\TipWindow.h">
      <Filter>Header Files</Filter>
    </ClInclude>
    <ClInclude Include="..\Include\TypesConverter.h">
      <Filter>Header Files</Filter>
    </ClInclude>
    <ClInclude Include="..\Include\WxGraphicsLayoutPrimitives.h">
      <Filter>Header Files</Filter>
    </ClInclude>
    <ClInclude Include="..\Include\WxRenderingAPI.h">
      <Filter>Header Files</Filter>
    </ClInclude>
    <ClInclude Include="..\Include\XMLConfigurationLoader.h">
      <Filter>Header Files</Filter>
    </ClInclude>
    <ClInclude Include="..\Include\LensViewCanvas.h">
      <Filter>Header Files\LensView</Filter>
    </ClInclude>
    <ClInclude Include="..\Include\LensViewWindow.h">
      <Filter>Header Files\LensView</Filter>
    </ClInclude>
    <ClInclude Include="..\Include\ZoomManager.h">
      <Filter>Header Files\Zoom</Filter>
    </ClInclude>
    <ClInclude Include="..\Include\ZoomParameters.h">
      <Filter>Header Files\Zoom</Filter>
    </ClInclude>
  </ItemGroup>
</Project>