<?xml version="1.0" encoding="utf-8"?>
<Project name="UIGenerator.dproj" version="alpha">
    <ProjectProperties>
        <working_directory>../dbc</working_directory>
        <text>0</text>
        <symbolic>Project/UIGenerator.dproj</symbolic>
        <startup>..\Src\UIBuilder.dsc</startup>
        <output_path>../dbc</output_path>
        <libs>corba;wx;Corba;WxWidgets</libs>
        <icode>0</icode>
        <hostd></hostd>
        <host></host>
        <deployment>0</deployment>
        <debug>1</debug>
        <collapsed>0</collapsed>
        <bytecode_path></bytecode_path>
        <argsd></argsd>
        <args></args>
    </ProjectProperties>
    <Child type="Script" name="..\Src\CORBAMetadataUIAPISpecConverter.dsc">
        <ScriptProperties>
            <working_directory>../dbc</working_directory>
            <text>0</text>
            <symbolic>Src/CORBAMetadataUIAPISpecConverter.dsc</symbolic>
            <output_path>../dbc</output_path>
            <libs>corba;wx;Corba;WxWidgets</libs>
            <icode>0</icode>
            <deployment>0</deployment>
            <debug>1</debug>
            <collapsed>0</collapsed>
            <bytecode_path></bytecode_path>
        </ScriptProperties>
    </Child>
    <Child type="Script" name="..\Src\MicroUIs.dsc">
        <ScriptProperties>
            <working_directory>../dbc</working_directory>
            <text>0</text>
            <symbolic>Src/MicroUIs.dsc</symbolic>
            <output_path>../dbc</output_path>
            <libs>corba;wx;Corba;WxWidgets</libs>
            <icode>0</icode>
            <deployment>0</deployment>
            <debug>1</debug>
            <collapsed>0</collapsed>
            <bytecode_path></bytecode_path>
        </ScriptProperties>
    </Child>
    <Child type="Script" name="..\Src\Properties.dsc">
        <ScriptProperties>
            <working_directory>../dbc</working_directory>
            <text>0</text>
            <symbolic>Src/Properties.dsc</symbolic>
            <output_path>../dbc</output_path>
            <libs>corba;wx;Corba;WxWidgets</libs>
            <icode>0</icode>
            <deployment>0</deployment>
            <debug>1</debug>
            <collapsed>0</collapsed>
            <bytecode_path></bytecode_path>
        </ScriptProperties>
    </Child>
    <Child type="Script" name="..\Src\PropertyGenerator.dsc">
        <ScriptProperties>
            <working_directory>../dbc</working_directory>
            <text>0</text>
            <symbolic>Src/PropertyGenerator.dsc</symbolic>
            <output_path>../dbc</output_path>
            <libs>corba;wx;Corba;WxWidgets</libs>
            <icode>0</icode>
            <deployment>0</deployment>
            <debug>1</debug>
            <collapsed>0</collapsed>
            <bytecode_path></bytecode_path>
        </ScriptProperties>
    </Child>
    <Child type="Script" name="..\Src\PropertyUIMappingRules.dsc">
        <ScriptProperties>
            <working_directory>../dbc</working_directory>
            <text>0</text>
            <symbolic>Src/PropertyUIMappingRules.dsc</symbolic>
            <output_path>../dbc</output_path>
            <libs>corba;wx;Corba;WxWidgets</libs>
            <icode>0</icode>
            <deployment>0</deployment>
            <debug>1</debug>
            <collapsed>0</collapsed>
            <bytecode_path></bytecode_path>
        </ScriptProperties>
    </Child>
    <Child type="Script" name="..\Src\TopLevelUIs.dsc">
        <ScriptProperties>
            <working_directory>../dbc</working_directory>
            <text>0</text>
            <symbolic>Src/TopLevelUIs.dsc</symbolic>
            <output_path>../dbc</output_path>
            <libs>corba;wx;Corba;WxWidgets</libs>
            <icode>0</icode>
            <deployment>0</deployment>
            <debug>1</debug>
            <collapsed>0</collapsed>
            <bytecode_path></bytecode_path>
        </ScriptProperties>
    </Child>
    <Child type="Script" name="..\Src\UIAPIHolder.dsc">
        <ScriptProperties>
            <working_directory>../dbc</working_directory>
            <text>0</text>
            <symbolic>Src/UIAPIHolder.dsc</symbolic>
            <output_path>../dbc</output_path>
            <libs>corba;wx;Corba;WxWidgets</libs>
            <icode>0</icode>
            <deployment>0</deployment>
            <debug>1</debug>
            <collapsed>0</collapsed>
            <bytecode_path></bytecode_path>
        </ScriptProperties>
    </Child>
    <Child type="Script" name="..\Src\UIAPISpec.dsc">
        <ScriptProperties>
            <working_directory>../dbc</working_directory>
            <text>0</text>
            <symbolic>Src/UIAPISpec.dsc</symbolic>
            <output_path>../dbc</output_path>
            <libs>corba;wx;Corba;WxWidgets</libs>
            <icode>0</icode>
            <deployment>0</deployment>
            <debug>1</debug>
            <collapsed>0</collapsed>
            <bytecode_path></bytecode_path>
        </ScriptProperties>
    </Child>
    <Child type="Script" name="..\Src\UIAPISpecValidator.dsc">
        <ScriptProperties>
            <working_directory>../dbc</working_directory>
            <text>0</text>
            <symbolic>Src/UIAPISpecValidator.dsc</symbolic>
            <output_path>../dbc</output_path>
            <libs>corba;wx;Corba;WxWidgets</libs>
            <icode>0</icode>
            <deployment>0</deployment>
            <debug>1</debug>
            <collapsed>0</collapsed>
            <bytecode_path></bytecode_path>
        </ScriptProperties>
    </Child>
    <Child type="Script" name="..\Src\UIBuilder.dsc">
        <ScriptProperties>
            <working_directory>../dbc</working_directory>
            <text>0</text>
            <symbolic>Src/UIBuilder.dsc</symbolic>
            <output_path>../dbc</output_path>
            <libs>corba;wx;Corba;WxWidgets</libs>
            <icode>0</icode>
            <deployment>0</deployment>
            <debug>1</debug>
            <collapsed>0</collapsed>
            <bytecode_path></bytecode_path>
        </ScriptProperties>
    </Child>
    <Child type="Script" name="..\Src\PropertySelectionHolder.dsc">
        <ScriptProperties>
            <working_directory>../dbc</working_directory>
            <text>0</text>
            <symbolic>Src/PropertySelectionHolder.dsc</symbolic>
            <output_path>../dbc</output_path>
            <libs>corba;wx;Corba;WxWidgets</libs>
            <icode>0</icode>
            <deployment>0</deployment>
            <debug>1</debug>
            <collapsed>0</collapsed>
            <bytecode_path></bytecode_path>
        </ScriptProperties>
    </Child>
    <Child type="Script" name="..\Src\PropertySelectionUIs.dsc">
        <ScriptProperties>
            <working_directory>../dbc</working_directory>
            <text>0</text>
            <symbolic>Src/PropertySelectionUIs.dsc</symbolic>
            <output_path>../dbc</output_path>
            <libs>corba;wx;Corba;WxWidgets</libs>
            <icode>0</icode>
            <deployment>0</deployment>
            <debug>1</debug>
            <collapsed>0</collapsed>
            <bytecode_path></bytecode_path>
        </ScriptProperties>
    </Child>
</Project>
